
Microsoft Visual Studio Solution File, Format Version 12.00
# Visual Studio 15
Project("{8BC9CEB8-8B4A-11D0-8D11-00A0C91BC942}") = "unittest", "unittest.vcxproj", "{25CDB186-119A-0C92-3AB3-FA3926DF4120}"
EndProject
Project("{8BC9CEB8-8B4A-11D0-8D11-00A0C91BC942}") = "mn", "mn.vcxproj", "{C0785900-AC04-880B-15B3-880B015E880B}"
EndProject
Global
	GlobalSection(SolutionConfigurationPlatforms) = preSolution
		debug|shared = debug|shared
		debug|static = debug|static
		release|shared = release|shared
		release|static = release|static
	EndGlobalSection
	GlobalSection(ProjectConfigurationPlatforms) = postSolution
		{25CDB186-119A-0C92-3AB3-FA3926DF4120}.debug|shared.ActiveCfg = debug shared|x64
		{25CDB186-119A-0C92-3AB3-FA3926DF4120}.debug|shared.Build.0 = debug shared|x64
		{25CDB186-119A-0C92-3AB3-FA3926DF4120}.debug|static.ActiveCfg = debug static|x64
		{25CDB186-119A-0C92-3AB3-FA3926DF4120}.debug|static.Build.0 = debug static|x64
		{25CDB186-119A-0C92-3AB3-FA3926DF4120}.release|shared.ActiveCfg = release shared|x64
		{25CDB186-119A-0C92-3AB3-FA3926DF4120}.release|shared.Build.0 = release shared|x64
		{25CDB186-119A-0C92-3AB3-FA3926DF4120}.release|static.ActiveCfg = release static|x64
		{25CDB186-119A-0C92-3AB3-FA3926DF4120}.release|static.Build.0 = release static|x64
		{C0785900-AC04-880B-15B3-880B015E880B}.debug|shared.ActiveCfg = debug shared|x64
		{C0785900-AC04-880B-15B3-880B015E880B}.debug|shared.Build.0 = debug shared|x64
		{C0785900-AC04-880B-15B3-880B015E880B}.debug|static.ActiveCfg = debug static|x64
		{C0785900-AC04-880B-15B3-880B015E880B}.debug|static.Build.0 = debug static|x64
		{C0785900-AC04-880B-15B3-880B015E880B}.release|shared.ActiveCfg = release shared|x64
		{C0785900-AC04-880B-15B3-880B015E880B}.release|shared.Build.0 = release shared|x64
		{C0785900-AC04-880B-15B3-880B015E880B}.release|static.ActiveCfg = release static|x64
		{C0785900-AC04-880B-15B3-880B015E880B}.release|static.Build.0 = release static|x64
	EndGlobalSection
	GlobalSection(SolutionProperties) = preSolution
		HideSolutionNode = FALSE
	EndGlobalSection
EndGlobal
