<?xml version="1.0" encoding="utf-8"?>
<Project ToolsVersion="4.0" xmlns="http://schemas.microsoft.com/developer/msbuild/2003">
  <ItemGroup>
    <Filter Include="include">
      <UniqueIdentifier>{89AF369E-F58E-B539-FEA6-40106A051C9B}</UniqueIdentifier>
    </Filter>
    <Filter Include="include\mn">
      <UniqueIdentifier>{5345B8DA-3FFD-F927-A804-D38394DB9418}</UniqueIdentifier>
    </Filter>
    <Filter Include="src">
      <UniqueIdentifier>{2DAB880B-99B4-887C-2230-9F7C8E38947C}</UniqueIdentifier>
    </Filter>
    <Filter Include="src\mn">
      <UniqueIdentifier>{774E661C-63F0-90F2-4CAB-A44638EC1743}</UniqueIdentifier>
    </Filter>
    <Filter Include="tools">
      <UniqueIdentifier>{36DF7010-A2F3-98C1-6B75-3C21D74895F2}</UniqueIdentifier>
    </Filter>
    <Filter Include="tools\vs">
      <UniqueIdentifier>{0EF3D6F4-FABF-3100-23D9-1FA80F05678E}</UniqueIdentifier>
    </Filter>
  </ItemGroup>
  <ItemGroup>
    <ClInclude Include="..\..\include\mn\Base.h">
      <Filter>include\mn</Filter>
    </ClInclude>
    <ClInclude Include="..\..\include\mn\Buf.h">
      <Filter>include\mn</Filter>
    </ClInclude>
    <ClInclude Include="..\..\include\mn\Debug.h">
      <Filter>include\mn</Filter>
    </ClInclude>
    <ClInclude Include="..\..\include\mn\Exports.h">
      <Filter>include\mn</Filter>
    </ClInclude>
    <ClInclude Include="..\..\include\mn\File.h">
      <Filter>include\mn</Filter>
    </ClInclude>
    <ClInclude Include="..\..\include\mn\IO.h">
      <Filter>include\mn</Filter>
    </ClInclude>
    <ClInclude Include="..\..\include\mn\Map.h">
      <Filter>include\mn</Filter>
    </ClInclude>
    <ClInclude Include="..\..\include\mn\Memory.h">
      <Filter>include\mn</Filter>
    </ClInclude>
    <ClInclude Include="..\..\include\mn\Memory_Stream.h">
      <Filter>include\mn</Filter>
    </ClInclude>
    <ClInclude Include="..\..\include\mn\OS.h">
      <Filter>include\mn</Filter>
    </ClInclude>
    <ClInclude Include="..\..\include\mn\Pool.h">
      <Filter>include\mn</Filter>
    </ClInclude>
    <ClInclude Include="..\..\include\mn\Reader.h">
      <Filter>include\mn</Filter>
    </ClInclude>
    <ClInclude Include="..\..\include\mn\Ring.h">
      <Filter>include\mn</Filter>
    </ClInclude>
    <ClInclude Include="..\..\include\mn\Str.h">
      <Filter>include\mn</Filter>
    </ClInclude>
    <ClInclude Include="..\..\include\mn\Str_Intern.h">
      <Filter>include\mn</Filter>
    </ClInclude>
    <ClInclude Include="..\..\include\mn\Stream.h">
      <Filter>include\mn</Filter>
    </ClInclude>
    <ClInclude Include="..\..\include\mn\Thread.h">
      <Filter>include\mn</Filter>
    </ClInclude>
    <ClInclude Include="..\..\include\mn\Virtual_Memory.h">
      <Filter>include\mn</Filter>
    </ClInclude>
  </ItemGroup>
  <ItemGroup>
    <ClCompile Include="..\..\src\mn\Base.cpp">
      <Filter>src\mn</Filter>
    </ClCompile>
    <ClCompile Include="..\..\src\mn\Debug_Linux.cpp">
      <Filter>src\mn</Filter>
    </ClCompile>
    <ClCompile Include="..\..\src\mn\Debug_WinOS.cpp">
      <Filter>src\mn</Filter>
    </ClCompile>
    <ClCompile Include="..\..\src\mn\File_Linux.cpp">
      <Filter>src\mn</Filter>
    </ClCompile>
    <ClCompile Include="..\..\src\mn\File_WinOS.cpp">
      <Filter>src\mn</Filter>
    </ClCompile>
    <ClCompile Include="..\..\src\mn\Memory.cpp">
      <Filter>src\mn</Filter>
    </ClCompile>
    <ClCompile Include="..\..\src\mn\Memory_Stream.cpp">
      <Filter>src\mn</Filter>
    </ClCompile>
    <ClCompile Include="..\..\src\mn\OS.cpp">
      <Filter>src\mn</Filter>
    </ClCompile>
    <ClCompile Include="..\..\src\mn\Pool.cpp">
      <Filter>src\mn</Filter>
    </ClCompile>
    <ClCompile Include="..\..\src\mn\Reader.cpp">
      <Filter>src\mn</Filter>
    </ClCompile>
    <ClCompile Include="..\..\src\mn\Str.cpp">
      <Filter>src\mn</Filter>
    </ClCompile>
    <ClCompile Include="..\..\src\mn\Str_Intern.cpp">
      <Filter>src\mn</Filter>
    </ClCompile>
    <ClCompile Include="..\..\src\mn\Stream.cpp">
      <Filter>src\mn</Filter>
    </ClCompile>
    <ClCompile Include="..\..\src\mn\Thread_Linux.cpp">
      <Filter>src\mn</Filter>
    </ClCompile>
    <ClCompile Include="..\..\src\mn\Thread_WinOS.cpp">
      <Filter>src\mn</Filter>
    </ClCompile>
    <ClCompile Include="..\..\src\mn\Virtual_Memory_Linux.cpp">
      <Filter>src\mn</Filter>
    </ClCompile>
    <ClCompile Include="..\..\src\mn\Virtual_Memory_WinOS.cpp">
      <Filter>src\mn</Filter>
    </ClCompile>
  </ItemGroup>
  <ItemGroup>
    <Natvis Include="..\..\tools\vs\mn.natvis">
      <Filter>tools\vs</Filter>
    </Natvis>
  </ItemGroup>
</Project>